{
  "name": "wtc-horizontal-scroll",
  "version": "1.0.0",
  "lockfileVersion": 2,
  "requires": true,
  "packages": {
    "": {
      "version": "1.0.0",
      "license": "MIT",
      "dependencies": {
        "wtc-tween": "~1.0.9"
      }
    },
    "node_modules/wtc-tween": {
      "version": "1.0.9",
      "resolved": "https://registry.npmjs.org/wtc-tween/-/wtc-tween-1.0.9.tgz",
      "integrity": "sha512-yu4/esZxChsk2iDGF+PoRDv2zK+tMLgj6PtWIulr0ijqN5vHn/WAAqVkCQiU8OnaMrvb4yJEk68YjG37cLGlUw=="
    }
  },
  "dependencies": {
    "wtc-tween": {
      "version": "1.0.9",
      "resolved": "https://registry.npmjs.org/wtc-tween/-/wtc-tween-1.0.9.tgz",
      "integrity": "sha512-yu4/esZxChsk2iDGF+PoRDv2zK+tMLgj6PtWIulr0ijqN5vHn/WAAqVkCQiU8OnaMrvb4yJEk68YjG37cLGlUw=="
    }
  }
}
